// !$*UTF8*$!
{
	archiveVersion = 1;
	classes = {
	};
	objectVersion = 50;
	objects = {

/* Begin PBXBuildFile section */
		2202AF7F23FEC0570022676A /* AppDelegate.swift in Sources */ = {isa = PBXBuildFile; fileRef = 2202AF7E23FEC0570022676A /* AppDelegate.swift */; };
		2202AF8123FEC0570022676A /* GameScene.sks in Resources */ = {isa = PBXBuildFile; fileRef = 2202AF8023FEC0570022676A /* GameScene.sks */; };
		2202AF8523FEC0570022676A /* GameScene.swift in Sources */ = {isa = PBXBuildFile; fileRef = 2202AF8423FEC0570022676A /* GameScene.swift */; };
		2202AF8723FEC0570022676A /* GameViewController.swift in Sources */ = {isa = PBXBuildFile; fileRef = 2202AF8623FEC0570022676A /* GameViewController.swift */; };
		2202AF8A23FEC0570022676A /* Main.storyboard in Resources */ = {isa = PBXBuildFile; fileRef = 2202AF8823FEC0570022676A /* Main.storyboard */; };
		2202AF8C23FEC05A0022676A /* Assets.xcassets in Resources */ = {isa = PBXBuildFile; fileRef = 2202AF8B23FEC05A0022676A /* Assets.xcassets */; };
		2202AF8F23FEC05A0022676A /* LaunchScreen.storyboard in Resources */ = {isa = PBXBuildFile; fileRef = 2202AF8D23FEC05A0022676A /* LaunchScreen.storyboard */; };
		2202AF9F23FEC1130022676A /* whackBad.caf in Resources */ = {isa = PBXBuildFile; fileRef = 2202AF9723FEC1120022676A /* whackBad.caf */; };
		2202AFA023FEC1130022676A /* whack.caf in Resources */ = {isa = PBXBuildFile; fileRef = 2202AF9823FEC1120022676A /* whack.caf */; };
		2202AFA123FEC1130022676A /* gameOver@2x.png in Resources */ = {isa = PBXBuildFile; fileRef = 2202AF9923FEC1120022676A /* gameOver@2x.png */; };
		2202AFA223FEC1130022676A /* penguinEvil@2x.png in Resources */ = {isa = PBXBuildFile; fileRef = 2202AF9A23FEC1120022676A /* penguinEvil@2x.png */; };
		2202AFA323FEC1130022676A /* whackHole@2x.png in Resources */ = {isa = PBXBuildFile; fileRef = 2202AF9B23FEC1120022676A /* whackHole@2x.png */; };
		2202AFA423FEC1130022676A /* penguinGood@2x.png in Resources */ = {isa = PBXBuildFile; fileRef = 2202AF9C23FEC1120022676A /* penguinGood@2x.png */; };
		2202AFA523FEC1130022676A /* whackMask@2x.png in Resources */ = {isa = PBXBuildFile; fileRef = 2202AF9D23FEC1120022676A /* whackMask@2x.png */; };
		2202AFA623FEC1130022676A /* whackBackground@2x.png in Resources */ = {isa = PBXBuildFile; fileRef = 2202AF9E23FEC1120022676A /* whackBackground@2x.png */; };
		2202AFA823FFC1E00022676A /* WhackSlot.swift in Sources */ = {isa = PBXBuildFile; fileRef = 2202AFA723FFC1E00022676A /* WhackSlot.swift */; };
		229E1C96240FCC3A000F3957 /* smoke.sks in Resources */ = {isa = PBXBuildFile; fileRef = 229E1C95240FCC3A000F3957 /* smoke.sks */; };
		229E1CA6240FDDED000F3957 /* MyParticle.sks in Resources */ = {isa = PBXBuildFile; fileRef = 229E1CA5240FDDED000F3957 /* MyParticle.sks */; };
/* End PBXBuildFile section */

/* Begin PBXFileReference section */
		2202AF7B23FEC0570022676A /* Project14.app */ = {isa = PBXFileReference; explicitFileType = wrapper.application; includeInIndex = 0; path = Project14.app; sourceTree = BUILT_PRODUCTS_DIR; };
		2202AF7E23FEC0570022676A /* AppDelegate.swift */ = {isa = PBXFileReference; lastKnownFileType = sourcecode.swift; path = AppDelegate.swift; sourceTree = "<group>"; };
		2202AF8023FEC0570022676A /* GameScene.sks */ = {isa = PBXFileReference; lastKnownFileType = file.sks; path = GameScene.sks; sourceTree = "<group>"; };
		2202AF8423FEC0570022676A /* GameScene.swift */ = {isa = PBXFileReference; lastKnownFileType = sourcecode.swift; path = GameScene.swift; sourceTree = "<group>"; };
		2202AF8623FEC0570022676A /* GameViewController.swift */ = {isa = PBXFileReference; lastKnownFileType = sourcecode.swift; path = GameViewController.swift; sourceTree = "<group>"; };
		2202AF8923FEC0570022676A /* Base */ = {isa = PBXFileReference; lastKnownFileType = file.storyboard; name = Base; path = Base.lproj/Main.storyboard; sourceTree = "<group>"; };
		2202AF8B23FEC05A0022676A /* Assets.xcassets */ = {isa = PBXFileReference; lastKnownFileType = folder.assetcatalog; path = Assets.xcassets; sourceTree = "<group>"; };
		2202AF8E23FEC05A0022676A /* Base */ = {isa = PBXFileReference; lastKnownFileType = file.storyboard; name = Base; path = Base.lproj/LaunchScreen.storyboard; sourceTree = "<group>"; };
		2202AF9023FEC05A0022676A /* Info.plist */ = {isa = PBXFileReference; lastKnownFileType = text.plist.xml; path = Info.plist; sourceTree = "<group>"; };
		2202AF9723FEC1120022676A /* whackBad.caf */ = {isa = PBXFileReference; lastKnownFileType = file; path = whackBad.caf; sourceTree = "<group>"; };
		2202AF9823FEC1120022676A /* whack.caf */ = {isa = PBXFileReference; lastKnownFileType = file; path = whack.caf; sourceTree = "<group>"; };
		2202AF9923FEC1120022676A /* gameOver@2x.png */ = {isa = PBXFileReference; lastKnownFileType = image.png; path = "gameOver@2x.png"; sourceTree = "<group>"; };
		2202AF9A23FEC1120022676A /* penguinEvil@2x.png */ = {isa = PBXFileReference; lastKnownFileType = image.png; path = "penguinEvil@2x.png"; sourceTree = "<group>"; };
		2202AF9B23FEC1120022676A /* whackHole@2x.png */ = {isa = PBXFileReference; lastKnownFileType = image.png; path = "whackHole@2x.png"; sourceTree = "<group>"; };
		2202AF9C23FEC1120022676A /* penguinGood@2x.png */ = {isa = PBXFileReference; lastKnownFileType = image.png; path = "penguinGood@2x.png"; sourceTree = "<group>"; };
		2202AF9D23FEC1120022676A /* whackMask@2x.png */ = {isa = PBXFileReference; lastKnownFileType = image.png; path = "whackMask@2x.png"; sourceTree = "<group>"; };
		2202AF9E23FEC1120022676A /* whackBackground@2x.png */ = {isa = PBXFileReference; lastKnownFileType = image.png; path = "whackBackground@2x.png"; sourceTree = "<group>"; };
		2202AFA723FFC1E00022676A /* WhackSlot.swift */ = {isa = PBXFileReference; lastKnownFileType = sourcecode.swift; path = WhackSlot.swift; sourceTree = "<group>"; };
		229E1C95240FCC3A000F3957 /* smoke.sks */ = {isa = PBXFileReference; lastKnownFileType = file.sks; name = smoke.sks; path = Project14/smoke.sks; sourceTree = SOURCE_ROOT; };
		229E1CA5240FDDED000F3957 /* MyParticle.sks */ = {isa = PBXFileReference; lastKnownFileType = file.sks; path = MyParticle.sks; sourceTree = SOURCE_ROOT; };
/* End PBXFileReference section */

/* Begin PBXFrameworksBuildPhase section */
		2202AF7823FEC0570022676A /* Frameworks */ = {
			isa = PBXFrameworksBuildPhase;
			buildActionMask = 2147483647;
			files = (
			);
			runOnlyForDeploymentPostprocessing = 0;
		};
/* End PBXFrameworksBuildPhase section */

/* Begin PBXGroup section */
		2202AF7223FEC0570022676A = {
			isa = PBXGroup;
			children = (
				2202AF7D23FEC0570022676A /* Project14 */,
				2202AF7C23FEC0570022676A /* Products */,
			);
			sourceTree = "<group>";
		};
		2202AF7C23FEC0570022676A /* Products */ = {
			isa = PBXGroup;
			children = (
				2202AF7B23FEC0570022676A /* Project14.app */,
			);
			name = Products;
			sourceTree = "<group>";
		};
		2202AF7D23FEC0570022676A /* Project14 */ = {
			isa = PBXGroup;
			children = (
				2202AF9623FEC1120022676A /* Content */,
				2202AF7E23FEC0570022676A /* AppDelegate.swift */,
				2202AF8023FEC0570022676A /* GameScene.sks */,
				2202AF8423FEC0570022676A /* GameScene.swift */,
				2202AF8623FEC0570022676A /* GameViewController.swift */,
				2202AFA723FFC1E00022676A /* WhackSlot.swift */,
				2202AF8823FEC0570022676A /* Main.storyboard */,
				2202AF8B23FEC05A0022676A /* Assets.xcassets */,
				2202AF8D23FEC05A0022676A /* LaunchScreen.storyboard */,
				2202AF9023FEC05A0022676A /* Info.plist */,
			);
			path = Project14;
			sourceTree = "<group>";
		};
		2202AF9623FEC1120022676A /* Content */ = {
			isa = PBXGroup;
			children = (
				229E1CA5240FDDED000F3957 /* MyParticle.sks */,
				229E1C95240FCC3A000F3957 /* smoke.sks */,
				2202AF9723FEC1120022676A /* whackBad.caf */,
				2202AF9823FEC1120022676A /* whack.caf */,
				2202AF9923FEC1120022676A /* gameOver@2x.png */,
				2202AF9A23FEC1120022676A /* penguinEvil@2x.png */,
				2202AF9B23FEC1120022676A /* whackHole@2x.png */,
				2202AF9C23FEC1120022676A /* penguinGood@2x.png */,
				2202AF9D23FEC1120022676A /* whackMask@2x.png */,
				2202AF9E23FEC1120022676A /* whackBackground@2x.png */,
			);
			path = Content;
			sourceTree = "<group>";
		};
/* End PBXGroup section */

/* Begin PBXNativeTarget section */
		2202AF7A23FEC0570022676A /* Project14 */ = {
			isa = PBXNativeTarget;
			buildConfigurationList = 2202AF9323FEC05A0022676A /* Build configuration list for PBXNativeTarget "Project14" */;
			buildPhases = (
				2202AF7723FEC0570022676A /* Sources */,
				2202AF7823FEC0570022676A /* Frameworks */,
				2202AF7923FEC0570022676A /* Resources */,
			);
			buildRules = (
			);
			dependencies = (
			);
			name = Project14;
			productName = Project14;
			productReference = 2202AF7B23FEC0570022676A /* Project14.app */;
			productType = "com.apple.product-type.application";
		};
/* End PBXNativeTarget section */

/* Begin PBXProject section */
		2202AF7323FEC0570022676A /* Project object */ = {
			isa = PBXProject;
			attributes = {
				LastSwiftUpdateCheck = 1130;
				LastUpgradeCheck = 1130;
				ORGANIZATIONNAME = "Vladislav Bondarev";
				TargetAttributes = {
					2202AF7A23FEC0570022676A = {
						CreatedOnToolsVersion = 11.3;
					};
				};
			};
			buildConfigurationList = 2202AF7623FEC0570022676A /* Build configuration list for PBXProject "Project14" */;
			compatibilityVersion = "Xcode 9.3";
			developmentRegion = en;
			hasScannedForEncodings = 0;
			knownRegions = (
				en,
				Base,
			);
			mainGroup = 2202AF7223FEC0570022676A;
			productRefGroup = 2202AF7C23FEC0570022676A /* Products */;
			projectDirPath = "";
			projectRoot = "";
			targets = (
				2202AF7A23FEC0570022676A /* Project14 */,
			);
		};
/* End PBXProject section */

/* Begin PBXResourcesBuildPhase section */
		2202AF7923FEC0570022676A /* Resources */ = {
			isa = PBXResourcesBuildPhase;
			buildActionMask = 2147483647;
			files = (
				2202AFA523FEC1130022676A /* whackMask@2x.png in Resources */,
				2202AF9F23FEC1130022676A /* whackBad.caf in Resources */,
				2202AF8A23FEC0570022676A /* Main.storyboard in Resources */,
				2202AF8123FEC0570022676A /* GameScene.sks in Resources */,
				2202AF8C23FEC05A0022676A /* Assets.xcassets in Resources */,
				2202AFA623FEC1130022676A /* whackBackground@2x.png in Resources */,
				2202AFA323FEC1130022676A /* whackHole@2x.png in Resources */,
				2202AF8F23FEC05A0022676A /* LaunchScreen.storyboard in Resources */,
				2202AFA223FEC1130022676A /* penguinEvil@2x.png in Resources */,
				2202AFA123FEC1130022676A /* gameOver@2x.png in Resources */,
				2202AFA423FEC1130022676A /* penguinGood@2x.png in Resources */,
				229E1CA6240FDDED000F3957 /* MyParticle.sks in Resources */,
				229E1C96240FCC3A000F3957 /* smoke.sks in Resources */,
				2202AFA023FEC1130022676A /* whack.caf in Resources */,
			);
			runOnlyForDeploymentPostprocessing = 0;
		};
/* End PBXResourcesBuildPhase section */

/* Begin PBXSourcesBuildPhase section */
		2202AF7723FEC0570022676A /* Sources */ = {
			isa = PBXSourcesBuildPhase;
			buildActionMask = 2147483647;
			files = (
				2202AF8523FEC0570022676A /* GameScene.swift in Sources */,
				2202AF8723FEC0570022676A /* GameViewController.swift in Sources */,
				2202AFA823FFC1E00022676A /* WhackSlot.swift in Sources */,
				2202AF7F23FEC0570022676A /* AppDelegate.swift in Sources */,
			);
			runOnlyForDeploymentPostprocessing = 0;
		};
/* End PBXSourcesBuildPhase section */

/* Begin PBXVariantGroup section */
		2202AF8823FEC0570022676A /* Main.storyboard */ = {
			isa = PBXVariantGroup;
			children = (
				2202AF8923FEC0570022676A /* Base */,
			);
			name = Main.storyboard;
			sourceTree = "<group>";
		};
		2202AF8D23FEC05A0022676A /* LaunchScreen.storyboard */ = {
			isa = PBXVariantGroup;
			children = (
				2202AF8E23FEC05A0022676A /* Base */,
			);
			name = LaunchScreen.storyboard;
			sourceTree = "<group>";
		};
/* End PBXVariantGroup section */

/* Begin XCBuildConfiguration section */
		2202AF9123FEC05A0022676A /* Debug */ = {
			isa = XCBuildConfiguration;
			buildSettings = {
				ALWAYS_SEARCH_USER_PATHS = NO;
				CLANG_ANALYZER_NONNULL = YES;
				CLANG_ANALYZER_NUMBER_OBJECT_CONVERSION = YES_AGGRESSIVE;
				CLANG_CXX_LANGUAGE_STANDARD = "gnu++14";
				CLANG_CXX_LIBRARY = "libc++";
				CLANG_ENABLE_MODULES = YES;
				CLANG_ENABLE_OBJC_ARC = YES;
				CLANG_ENABLE_OBJC_WEAK = YES;
				CLANG_WARN_BLOCK_CAPTURE_AUTORELEASING = YES;
				CLANG_WARN_BOOL_CONVERSION = YES;
				CLANG_WARN_COMMA = YES;
				CLANG_WARN_CONSTANT_CONVERSION = YES;
				CLANG_WARN_DEPRECATED_OBJC_IMPLEMENTATIONS = YES;
				CLANG_WARN_DIRECT_OBJC_ISA_USAGE = YES_ERROR;
				CLANG_WARN_DOCUMENTATION_COMMENTS = YES;
				CLANG_WARN_EMPTY_BODY = YES;
				CLANG_WARN_ENUM_CONVERSION = YES;
				CLANG_WARN_INFINITE_RECURSION = YES;
				CLANG_WARN_INT_CONVERSION = YES;
				CLANG_WARN_NON_LITERAL_NULL_CONVERSION = YES;
				CLANG_WARN_OBJC_IMPLICIT_RETAIN_SELF = YES;
				CLANG_WARN_OBJC_LITERAL_CONVERSION = YES;
				CLANG_WARN_OBJC_ROOT_CLASS = YES_ERROR;
				CLANG_WARN_RANGE_LOOP_ANALYSIS = YES;
				CLANG_WARN_STRICT_PROTOTYPES = YES;
				CLANG_WARN_SUSPICIOUS_MOVE = YES;
				CLANG_WARN_UNGUARDED_AVAILABILITY = YES_AGGRESSIVE;
				CLANG_WARN_UNREACHABLE_CODE = YES;
				CLANG_WARN__DUPLICATE_METHOD_MATCH = YES;
				COPY_PHASE_STRIP = NO;
				DEBUG_INFORMATION_FORMAT = dwarf;
				ENABLE_STRICT_OBJC_MSGSEND = YES;
				ENABLE_TESTABILITY = YES;
				GCC_C_LANGUAGE_STANDARD = gnu11;
				GCC_DYNAMIC_NO_PIC = NO;
				GCC_NO_COMMON_BLOCKS = YES;
				GCC_OPTIMIZATION_LEVEL = 0;
				GCC_PREPROCESSOR_DEFINITIONS = (
					"DEBUG=1",
					"$(inherited)",
				);
				GCC_WARN_64_TO_32_BIT_CONVERSION = YES;
				GCC_WARN_ABOUT_RETURN_TYPE = YES_ERROR;
				GCC_WARN_UNDECLARED_SELECTOR = YES;
				GCC_WARN_UNINITIALIZED_AUTOS = YES_AGGRESSIVE;
				GCC_WARN_UNUSED_FUNCTION = YES;
				GCC_WARN_UNUSED_VARIABLE = YES;
				IPHONEOS_DEPLOYMENT_TARGET = 13.2;
				MTL_ENABLE_DEBUG_INFO = INCLUDE_SOURCE;
				MTL_FAST_MATH = YES;
				ONLY_ACTIVE_ARCH = YES;
				SDKROOT = iphoneos;
				SWIFT_ACTIVE_COMPILATION_CONDITIONS = DEBUG;
				SWIFT_OPTIMIZATION_LEVEL = "-Onone";
			};
			name = Debug;
		};
		2202AF9223FEC05A0022676A /* Release */ = {
			isa = XCBuildConfiguration;
			buildSettings = {
				ALWAYS_SEARCH_USER_PATHS = NO;
				CLANG_ANALYZER_NONNULL = YES;
				CLANG_ANALYZER_NUMBER_OBJECT_CONVERSION = YES_AGGRESSIVE;
				CLANG_CXX_LANGUAGE_STANDARD = "gnu++14";
				CLANG_CXX_LIBRARY = "libc++";
				CLANG_ENABLE_MODULES = YES;
				CLANG_ENABLE_OBJC_ARC = YES;
				CLANG_ENABLE_OBJC_WEAK = YES;
				CLANG_WARN_BLOCK_CAPTURE_AUTORELEASING = YES;
				CLANG_WARN_BOOL_CONVERSION = YES;
				CLANG_WARN_COMMA = YES;
				CLANG_WARN_CONSTANT_CONVERSION = YES;
				CLANG_WARN_DEPRECATED_OBJC_IMPLEMENTATIONS = YES;
				CLANG_WARN_DIRECT_OBJC_ISA_USAGE = YES_ERROR;
				CLANG_WARN_DOCUMENTATION_COMMENTS = YES;
				CLANG_WARN_EMPTY_BODY = YES;
				CLANG_WARN_ENUM_CONVERSION = YES;
				CLANG_WARN_INFINITE_RECURSION = YES;
				CLANG_WARN_INT_CONVERSION = YES;
				CLANG_WARN_NON_LITERAL_NULL_CONVERSION = YES;
				CLANG_WARN_OBJC_IMPLICIT_RETAIN_SELF = YES;
				CLANG_WARN_OBJC_LITERAL_CONVERSION = YES;
				CLANG_WARN_OBJC_ROOT_CLASS = YES_ERROR;
				CLANG_WARN_RANGE_LOOP_ANALYSIS = YES;
				CLANG_WARN_STRICT_PROTOTYPES = YES;
				CLANG_WARN_SUSPICIOUS_MOVE = YES;
				CLANG_WARN_UNGUARDED_AVAILABILITY = YES_AGGRESSIVE;
				CLANG_WARN_UNREACHABLE_CODE = YES;
				CLANG_WARN__DUPLICATE_METHOD_MATCH = YES;
				COPY_PHASE_STRIP = NO;
				DEBUG_INFORMATION_FORMAT = "dwarf-with-dsym";
				ENABLE_NS_ASSERTIONS = NO;
				ENABLE_STRICT_OBJC_MSGSEND = YES;
				GCC_C_LANGUAGE_STANDARD = gnu11;
				GCC_NO_COMMON_BLOCKS = YES;
				GCC_WARN_64_TO_32_BIT_CONVERSION = YES;
				GCC_WARN_ABOUT_RETURN_TYPE = YES_ERROR;
				GCC_WARN_UNDECLARED_SELECTOR = YES;
				GCC_WARN_UNINITIALIZED_AUTOS = YES_AGGRESSIVE;
				GCC_WARN_UNUSED_FUNCTION = YES;
				GCC_WARN_UNUSED_VARIABLE = YES;
				IPHONEOS_DEPLOYMENT_TARGET = 13.2;
				MTL_ENABLE_DEBUG_INFO = NO;
				MTL_FAST_MATH = YES;
				SDKROOT = iphoneos;
				SWIFT_COMPILATION_MODE = wholemodule;
				SWIFT_OPTIMIZATION_LEVEL = "-O";
				VALIDATE_PRODUCT = YES;
			};
			name = Release;
		};
		2202AF9423FEC05A0022676A /* Debug */ = {
			isa = XCBuildConfiguration;
			buildSettings = {
				ASSETCATALOG_COMPILER_APPICON_NAME = AppIcon;
				CODE_SIGN_STYLE = Automatic;
				DEVELOPMENT_TEAM = 494K398CRH;
				INFOPLIST_FILE = Project14/Info.plist;
				LD_RUNPATH_SEARCH_PATHS = (
					"$(inherited)",
					"@executable_path/Frameworks",
				);
				PRODUCT_BUNDLE_IDENTIFIER = My.Project14;
				PRODUCT_NAME = "$(TARGET_NAME)";
				SWIFT_VERSION = 5.0;
				TARGETED_DEVICE_FAMILY = 2;
			};
			name = Debug;
		};
		2202AF9523FEC05A0022676A /* Release */ = {
			isa = XCBuildConfiguration;
			buildSettings = {
				ASSETCATALOG_COMPILER_APPICON_NAME = AppIcon;
				CODE_SIGN_STYLE = Automatic;
				DEVELOPMENT_TEAM = 494K398CRH;
				INFOPLIST_FILE = Project14/Info.plist;
				LD_RUNPATH_SEARCH_PATHS = (
					"$(inherited)",
					"@executable_path/Frameworks",
				);
				PRODUCT_BUNDLE_IDENTIFIER = My.Project14;
				PRODUCT_NAME = "$(TARGET_NAME)";
				SWIFT_VERSION = 5.0;
				TARGETED_DEVICE_FAMILY = 2;
			};
			name = Release;
		};
/* End XCBuildConfiguration section */

/* Begin XCConfigurationList section */
		2202AF7623FEC0570022676A /* Build configuration list for PBXProject "Project14" */ = {
			isa = XCConfigurationList;
			buildConfigurations = (
				2202AF9123FEC05A0022676A /* Debug */,
				2202AF9223FEC05A0022676A /* Release */,
			);
			defaultConfigurationIsVisible = 0;
			defaultConfigurationName = Release;
		};
		2202AF9323FEC05A0022676A /* Build configuration list for PBXNativeTarget "Project14" */ = {
			isa = XCConfigurationList;
			buildConfigurations = (
				2202AF9423FEC05A0022676A /* Debug */,
				2202AF9523FEC05A0022676A /* Release */,
			);
			defaultConfigurationIsVisible = 0;
			defaultConfigurationName = Release;
		};
/* End XCConfigurationList section */
	};
	rootObject = 2202AF7323FEC0570022676A /* Project object */;
}
